// !$*UTF8*$!
{
	archiveVersion = 1;
	classes = {
	};
	objectVersion = 55;
	objects = {

/* Begin PBXBuildFile section */
		2A3545BA295432150055C81C /* NaverCodingTest.swift in Sources */ = {isa = PBXBuildFile; fileRef = 2A3545B9295432150055C81C /* NaverCodingTest.swift */; };
		2A3545CF296418760055C81C /* Step6_Advanced.swift in Sources */ = {isa = PBXBuildFile; fileRef = 2A3545CE296418760055C81C /* Step6_Advanced.swift */; };
		2A3545D3296418E10055C81C /* Sorting.swift in Sources */ = {isa = PBXBuildFile; fileRef = 2A3545D2296418E10055C81C /* Sorting.swift */; };
		2A3545D5296431BC0055C81C /* Step7_Math1.swift in Sources */ = {isa = PBXBuildFile; fileRef = 2A3545D4296431BC0055C81C /* Step7_Math1.swift */; };
		2A3545D729657D440055C81C /* Step8_Divisor_Multiple_PrimeNumber.swift in Sources */ = {isa = PBXBuildFile; fileRef = 2A3545D629657D440055C81C /* Step8_Divisor_Multiple_PrimeNumber.swift */; };
		2A3545D92966A7E70055C81C /* Step9_Matrix.swift in Sources */ = {isa = PBXBuildFile; fileRef = 2A3545D82966A7E70055C81C /* Step9_Matrix.swift */; };
		2A3545DB2967B3DA0055C81C /* Step10_Sorting.swift in Sources */ = {isa = PBXBuildFile; fileRef = 2A3545DA2967B3DA0055C81C /* Step10_Sorting.swift */; };
		2A3545DD296C06B20055C81C /* Step11.swift in Sources */ = {isa = PBXBuildFile; fileRef = 2A3545DC296C06B20055C81C /* Step11.swift */; };
		2A3545E72974E20F0055C81C /* Step14.swift in Sources */ = {isa = PBXBuildFile; fileRef = 2A3545E62974E20F0055C81C /* Step14.swift */; };
		2A3545EB2974E23B0055C81C /* Step13_Set_Map.swift in Sources */ = {isa = PBXBuildFile; fileRef = 2A3545EA2974E23B0055C81C /* Step13_Set_Map.swift */; };
		2A3545ED2974E2500055C81C /* Step12_BruteForce.swift in Sources */ = {isa = PBXBuildFile; fileRef = 2A3545EC2974E2500055C81C /* Step12_BruteForce.swift */; };
		2A3C597329DD531100C6816D /* Step19_Stack.swift in Sources */ = {isa = PBXBuildFile; fileRef = 2A3C597229DD531100C6816D /* Step19_Stack.swift */; };
		2A3C597529DD562500C6816D /* etc.swift in Sources */ = {isa = PBXBuildFile; fileRef = 2A3C597429DD562500C6816D /* etc.swift */; };
		2A58961A283F5076000B127B /* main.swift in Sources */ = {isa = PBXBuildFile; fileRef = 2A589619283F5076000B127B /* main.swift */; };
		2A626B962A112B03001B2E3E /* Level1.swift in Sources */ = {isa = PBXBuildFile; fileRef = 2A626B952A112B03001B2E3E /* Level1.swift */; };
		2A626B982A112BD8001B2E3E /* Level2.swift in Sources */ = {isa = PBXBuildFile; fileRef = 2A626B972A112BD8001B2E3E /* Level2.swift */; };
		2A626B9B2A11381B001B2E3E /* Step22_Backtracking.swift in Sources */ = {isa = PBXBuildFile; fileRef = 2A626B9A2A11381B001B2E3E /* Step22_Backtracking.swift */; };
		2A626B9D2A113922001B2E3E /* Step23_DP.swift in Sources */ = {isa = PBXBuildFile; fileRef = 2A626B9C2A113922001B2E3E /* Step23_DP.swift */; };
		2A626B9F2A1139CB001B2E3E /* Step20_Queue_Dequeue.swift in Sources */ = {isa = PBXBuildFile; fileRef = 2A626B9E2A1139CB001B2E3E /* Step20_Queue_Dequeue.swift */; };
		2A626BA12A113A3C001B2E3E /* Step24_PrefixSum.swift in Sources */ = {isa = PBXBuildFile; fileRef = 2A626BA02A113A3C001B2E3E /* Step24_PrefixSum.swift */; };
		2A626BA32A113AA6001B2E3E /* Step25_Greedy.swift in Sources */ = {isa = PBXBuildFile; fileRef = 2A626BA22A113AA6001B2E3E /* Step25_Greedy.swift */; };
		2A626BA52A113BBF001B2E3E /* Etc.swift in Sources */ = {isa = PBXBuildFile; fileRef = 2A626BA42A113BBF001B2E3E /* Etc.swift */; };
		2A84AA1F29D33437008332E5 /* Heap.swift in Sources */ = {isa = PBXBuildFile; fileRef = 2A84AA1E29D33437008332E5 /* Heap.swift */; };
		2A8CDB29297F794700FDCA2C /* Queue.swift in Sources */ = {isa = PBXBuildFile; fileRef = 2A8CDB28297F794700FDCA2C /* Queue.swift */; };
		2A929E66298630BF00BFC21D /* Stack.swift in Sources */ = {isa = PBXBuildFile; fileRef = 2A929E65298630BF00BFC21D /* Stack.swift */; };
		2A929E682986496600BFC21D /* LinkedList.swift in Sources */ = {isa = PBXBuildFile; fileRef = 2A929E672986496600BFC21D /* LinkedList.swift */; };
		2A929E6A29864FE500BFC21D /* DoublyLinkedList.swift in Sources */ = {isa = PBXBuildFile; fileRef = 2A929E6929864FE500BFC21D /* DoublyLinkedList.swift */; };
		2A929E6C2988B1BA00BFC21D /* BinarySearchTree.swift in Sources */ = {isa = PBXBuildFile; fileRef = 2A929E6B2988B1BA00BFC21D /* BinarySearchTree.swift */; };
		2AD5A1EA29C839C400DCAF5D /* BruteForce.swift in Sources */ = {isa = PBXBuildFile; fileRef = 2AD5A1E929C839C400DCAF5D /* BruteForce.swift */; };
/* End PBXBuildFile section */

/* Begin PBXCopyFilesBuildPhase section */
		2A589614283F5075000B127B /* CopyFiles */ = {
			isa = PBXCopyFilesBuildPhase;
			buildActionMask = 2147483647;
			dstPath = /usr/share/man/man1/;
			dstSubfolderSpec = 0;
			files = (
			);
			runOnlyForDeploymentPostprocessing = 1;
		};
/* End PBXCopyFilesBuildPhase section */

/* Begin PBXFileReference section */
		2A3545B9295432150055C81C /* NaverCodingTest.swift */ = {isa = PBXFileReference; lastKnownFileType = sourcecode.swift; path = NaverCodingTest.swift; sourceTree = "<group>"; };
		2A3545CE296418760055C81C /* Step6_Advanced.swift */ = {isa = PBXFileReference; lastKnownFileType = sourcecode.swift; path = Step6_Advanced.swift; sourceTree = "<group>"; };
		2A3545D2296418E10055C81C /* Sorting.swift */ = {isa = PBXFileReference; lastKnownFileType = sourcecode.swift; path = Sorting.swift; sourceTree = "<group>"; };
		2A3545D4296431BC0055C81C /* Step7_Math1.swift */ = {isa = PBXFileReference; lastKnownFileType = sourcecode.swift; path = Step7_Math1.swift; sourceTree = "<group>"; };
		2A3545D629657D440055C81C /* Step8_Divisor_Multiple_PrimeNumber.swift */ = {isa = PBXFileReference; lastKnownFileType = sourcecode.swift; path = Step8_Divisor_Multiple_PrimeNumber.swift; sourceTree = "<group>"; };
		2A3545D82966A7E70055C81C /* Step9_Matrix.swift */ = {isa = PBXFileReference; lastKnownFileType = sourcecode.swift; path = Step9_Matrix.swift; sourceTree = "<group>"; };
		2A3545DA2967B3DA0055C81C /* Step10_Sorting.swift */ = {isa = PBXFileReference; lastKnownFileType = sourcecode.swift; path = Step10_Sorting.swift; sourceTree = "<group>"; };
		2A3545DC296C06B20055C81C /* Step11.swift */ = {isa = PBXFileReference; lastKnownFileType = sourcecode.swift; path = Step11.swift; sourceTree = "<group>"; };
		2A3545E62974E20F0055C81C /* Step14.swift */ = {isa = PBXFileReference; lastKnownFileType = sourcecode.swift; path = Step14.swift; sourceTree = "<group>"; };
		2A3545EA2974E23B0055C81C /* Step13_Set_Map.swift */ = {isa = PBXFileReference; lastKnownFileType = sourcecode.swift; path = Step13_Set_Map.swift; sourceTree = "<group>"; };
		2A3545EC2974E2500055C81C /* Step12_BruteForce.swift */ = {isa = PBXFileReference; lastKnownFileType = sourcecode.swift; path = Step12_BruteForce.swift; sourceTree = "<group>"; };
		2A3C597229DD531100C6816D /* Step19_Stack.swift */ = {isa = PBXFileReference; lastKnownFileType = sourcecode.swift; path = Step19_Stack.swift; sourceTree = "<group>"; };
		2A3C597429DD562500C6816D /* etc.swift */ = {isa = PBXFileReference; lastKnownFileType = sourcecode.swift; path = etc.swift; sourceTree = "<group>"; };
		2A589616283F5076000B127B /* AlgorithmStudy */ = {isa = PBXFileReference; explicitFileType = "compiled.mach-o.executable"; includeInIndex = 0; path = AlgorithmStudy; sourceTree = BUILT_PRODUCTS_DIR; };
		2A589619283F5076000B127B /* main.swift */ = {isa = PBXFileReference; lastKnownFileType = sourcecode.swift; path = main.swift; sourceTree = "<group>"; };
		2A626B8D2A0CC7D9001B2E3E /* README.md */ = {isa = PBXFileReference; lastKnownFileType = net.daringfireball.markdown; path = README.md; sourceTree = "<group>"; };
		2A626B8E2A0CC7FC001B2E3E /* README.md */ = {isa = PBXFileReference; lastKnownFileType = net.daringfireball.markdown; path = README.md; sourceTree = "<group>"; };
		2A626B952A112B03001B2E3E /* Level1.swift */ = {isa = PBXFileReference; lastKnownFileType = sourcecode.swift; path = Level1.swift; sourceTree = "<group>"; };
		2A626B972A112BD8001B2E3E /* Level2.swift */ = {isa = PBXFileReference; lastKnownFileType = sourcecode.swift; path = Level2.swift; sourceTree = "<group>"; };
		2A626B992A1131FF001B2E3E /* README.md */ = {isa = PBXFileReference; lastKnownFileType = net.daringfireball.markdown; path = README.md; sourceTree = "<group>"; };
		2A626B9A2A11381B001B2E3E /* Step22_Backtracking.swift */ = {isa = PBXFileReference; lastKnownFileType = sourcecode.swift; path = Step22_Backtracking.swift; sourceTree = "<group>"; };
		2A626B9C2A113922001B2E3E /* Step23_DP.swift */ = {isa = PBXFileReference; lastKnownFileType = sourcecode.swift; path = Step23_DP.swift; sourceTree = "<group>"; };
		2A626B9E2A1139CB001B2E3E /* Step20_Queue_Dequeue.swift */ = {isa = PBXFileReference; lastKnownFileType = sourcecode.swift; path = Step20_Queue_Dequeue.swift; sourceTree = "<group>"; };
		2A626BA02A113A3C001B2E3E /* Step24_PrefixSum.swift */ = {isa = PBXFileReference; lastKnownFileType = sourcecode.swift; path = Step24_PrefixSum.swift; sourceTree = "<group>"; };
		2A626BA22A113AA6001B2E3E /* Step25_Greedy.swift */ = {isa = PBXFileReference; lastKnownFileType = sourcecode.swift; path = Step25_Greedy.swift; sourceTree = "<group>"; };
		2A626BA42A113BBF001B2E3E /* Etc.swift */ = {isa = PBXFileReference; lastKnownFileType = sourcecode.swift; path = Etc.swift; sourceTree = "<group>"; };
		2A84AA1E29D33437008332E5 /* Heap.swift */ = {isa = PBXFileReference; lastKnownFileType = sourcecode.swift; path = Heap.swift; sourceTree = "<group>"; };
		2A8CDB28297F794700FDCA2C /* Queue.swift */ = {isa = PBXFileReference; lastKnownFileType = sourcecode.swift; path = Queue.swift; sourceTree = "<group>"; };
		2A929E65298630BF00BFC21D /* Stack.swift */ = {isa = PBXFileReference; lastKnownFileType = sourcecode.swift; path = Stack.swift; sourceTree = "<group>"; };
		2A929E672986496600BFC21D /* LinkedList.swift */ = {isa = PBXFileReference; lastKnownFileType = sourcecode.swift; path = LinkedList.swift; sourceTree = "<group>"; };
		2A929E6929864FE500BFC21D /* DoublyLinkedList.swift */ = {isa = PBXFileReference; lastKnownFileType = sourcecode.swift; path = DoublyLinkedList.swift; sourceTree = "<group>"; };
		2A929E6B2988B1BA00BFC21D /* BinarySearchTree.swift */ = {isa = PBXFileReference; lastKnownFileType = sourcecode.swift; path = BinarySearchTree.swift; sourceTree = "<group>"; };
		2AD5A1E929C839C400DCAF5D /* BruteForce.swift */ = {isa = PBXFileReference; lastKnownFileType = sourcecode.swift; path = BruteForce.swift; sourceTree = "<group>"; };
/* End PBXFileReference section */

/* Begin PBXFrameworksBuildPhase section */
		2A589613283F5075000B127B /* Frameworks */ = {
			isa = PBXFrameworksBuildPhase;
			buildActionMask = 2147483647;
			files = (
			);
			runOnlyForDeploymentPostprocessing = 0;
		};
/* End PBXFrameworksBuildPhase section */

/* Begin PBXGroup section */
		2A3545C32962A2F10055C81C /* BaekJoon */ = {
			isa = PBXGroup;
			children = (
				2A626B8D2A0CC7D9001B2E3E /* README.md */,
				2A3545CE296418760055C81C /* Step6_Advanced.swift */,
				2A3545D4296431BC0055C81C /* Step7_Math1.swift */,
				2A3545D629657D440055C81C /* Step8_Divisor_Multiple_PrimeNumber.swift */,
				2A3545D82966A7E70055C81C /* Step9_Matrix.swift */,
				2A3545DA2967B3DA0055C81C /* Step10_Sorting.swift */,
				2A3545DC296C06B20055C81C /* Step11.swift */,
				2A3545EC2974E2500055C81C /* Step12_BruteForce.swift */,
				2A3545EA2974E23B0055C81C /* Step13_Set_Map.swift */,
				2A3545E62974E20F0055C81C /* Step14.swift */,
				2A3C597229DD531100C6816D /* Step19_Stack.swift */,
				2A626B9E2A1139CB001B2E3E /* Step20_Queue_Dequeue.swift */,
				2A626B9A2A11381B001B2E3E /* Step22_Backtracking.swift */,
				2A626B9C2A113922001B2E3E /* Step23_DP.swift */,
				2A626BA02A113A3C001B2E3E /* Step24_PrefixSum.swift */,
				2A626BA22A113AA6001B2E3E /* Step25_Greedy.swift */,
				2A626BA42A113BBF001B2E3E /* Etc.swift */,
			);
			path = BaekJoon;
			sourceTree = "<group>";
		};
		2A3545D0296418BC0055C81C /* CodingTest */ = {
			isa = PBXGroup;
			children = (
				2A3545B9295432150055C81C /* NaverCodingTest.swift */,
				2A3C597429DD562500C6816D /* etc.swift */,
			);
			path = CodingTest;
			sourceTree = "<group>";
		};
		2A3545D1296418CA0055C81C /* Algorithm */ = {
			isa = PBXGroup;
			children = (
				2A3545D2296418E10055C81C /* Sorting.swift */,
				2AD5A1E929C839C400DCAF5D /* BruteForce.swift */,
				2A626B992A1131FF001B2E3E /* README.md */,
			);
			path = Algorithm;
			sourceTree = "<group>";
		};
		2A3C4A45299C7C1400A1228E /* Programmers */ = {
			isa = PBXGroup;
			children = (
				2A626B952A112B03001B2E3E /* Level1.swift */,
				2A626B972A112BD8001B2E3E /* Level2.swift */,
			);
			path = Programmers;
			sourceTree = "<group>";
		};
		2A58960D283F5075000B127B = {
			isa = PBXGroup;
			children = (
				2A3C4A45299C7C1400A1228E /* Programmers */,
				2A8CDB27297F793300FDCA2C /* DataStruct */,
				2A3545D1296418CA0055C81C /* Algorithm */,
				2A3545D0296418BC0055C81C /* CodingTest */,
				2A3545C32962A2F10055C81C /* BaekJoon */,
				2A589618283F5076000B127B /* AlgorithmStudy */,
				2A589617283F5076000B127B /* Products */,
			);
			sourceTree = "<group>";
		};
		2A589617283F5076000B127B /* Products */ = {
			isa = PBXGroup;
			children = (
				2A589616283F5076000B127B /* AlgorithmStudy */,
			);
			name = Products;
			sourceTree = "<group>";
		};
		2A589618283F5076000B127B /* AlgorithmStudy */ = {
			isa = PBXGroup;
			children = (
				2A589619283F5076000B127B /* main.swift */,
			);
			path = AlgorithmStudy;
			sourceTree = "<group>";
		};
		2A8CDB27297F793300FDCA2C /* DataStruct */ = {
			isa = PBXGroup;
			children = (
				2A8CDB28297F794700FDCA2C /* Queue.swift */,
				2A929E65298630BF00BFC21D /* Stack.swift */,
				2A929E672986496600BFC21D /* LinkedList.swift */,
				2A929E6929864FE500BFC21D /* DoublyLinkedList.swift */,
				2A929E6B2988B1BA00BFC21D /* BinarySearchTree.swift */,
				2A84AA1E29D33437008332E5 /* Heap.swift */,
				2A626B8E2A0CC7FC001B2E3E /* README.md */,
			);
			path = DataStruct;
			sourceTree = "<group>";
		};
/* End PBXGroup section */

/* Begin PBXNativeTarget section */
		2A589615283F5075000B127B /* AlgorithmStudy */ = {
			isa = PBXNativeTarget;
			buildConfigurationList = 2A58961D283F5076000B127B /* Build configuration list for PBXNativeTarget "AlgorithmStudy" */;
			buildPhases = (
				2A589612283F5075000B127B /* Sources */,
				2A589613283F5075000B127B /* Frameworks */,
				2A589614283F5075000B127B /* CopyFiles */,
			);
			buildRules = (
			);
			dependencies = (
			);
			name = AlgorithmStudy;
			productName = AlgorithmStudy;
			productReference = 2A589616283F5076000B127B /* AlgorithmStudy */;
			productType = "com.apple.product-type.tool";
		};
/* End PBXNativeTarget section */

/* Begin PBXProject section */
		2A58960E283F5075000B127B /* Project object */ = {
			isa = PBXProject;
			attributes = {
				BuildIndependentTargetsInParallel = 1;
				LastSwiftUpdateCheck = 1340;
				LastUpgradeCheck = 1410;
				TargetAttributes = {
					2A589615283F5075000B127B = {
						CreatedOnToolsVersion = 13.4;
					};
				};
			};
			buildConfigurationList = 2A589611283F5075000B127B /* Build configuration list for PBXProject "AlgorithmStudy" */;
			compatibilityVersion = "Xcode 13.0";
			developmentRegion = en;
			hasScannedForEncodings = 0;
			knownRegions = (
				en,
				Base,
			);
			mainGroup = 2A58960D283F5075000B127B;
			productRefGroup = 2A589617283F5076000B127B /* Products */;
			projectDirPath = "";
			projectRoot = "";
			targets = (
				2A589615283F5075000B127B /* AlgorithmStudy */,
			);
		};
/* End PBXProject section */

/* Begin PBXSourcesBuildPhase section */
		2A589612283F5075000B127B /* Sources */ = {
			isa = PBXSourcesBuildPhase;
			buildActionMask = 2147483647;
			files = (
				2A626B962A112B03001B2E3E /* Level1.swift in Sources */,
				2A84AA1F29D33437008332E5 /* Heap.swift in Sources */,
				2A626BA12A113A3C001B2E3E /* Step24_PrefixSum.swift in Sources */,
				2A3545BA295432150055C81C /* NaverCodingTest.swift in Sources */,
				2A3545E72974E20F0055C81C /* Step14.swift in Sources */,
				2A929E6C2988B1BA00BFC21D /* BinarySearchTree.swift in Sources */,
				2A626B982A112BD8001B2E3E /* Level2.swift in Sources */,
				2A929E682986496600BFC21D /* LinkedList.swift in Sources */,
				2A626B9D2A113922001B2E3E /* Step23_DP.swift in Sources */,
				2A3545DB2967B3DA0055C81C /* Step10_Sorting.swift in Sources */,
				2A3545EB2974E23B0055C81C /* Step13_Set_Map.swift in Sources */,
				2A8CDB29297F794700FDCA2C /* Queue.swift in Sources */,
				2AD5A1EA29C839C400DCAF5D /* BruteForce.swift in Sources */,
				2A626BA52A113BBF001B2E3E /* Etc.swift in Sources */,
				2A3545D92966A7E70055C81C /* Step9_Matrix.swift in Sources */,
				2A3545ED2974E2500055C81C /* Step12_BruteForce.swift in Sources */,
				2A3C597529DD562500C6816D /* etc.swift in Sources */,
				2A626B9B2A11381B001B2E3E /* Step22_Backtracking.swift in Sources */,
				2A3C597329DD531100C6816D /* Step19_Stack.swift in Sources */,
				2A626BA32A113AA6001B2E3E /* Step25_Greedy.swift in Sources */,
				2A3545CF296418760055C81C /* Step6_Advanced.swift in Sources */,
				2A3545D5296431BC0055C81C /* Step7_Math1.swift in Sources */,
				2A626B9F2A1139CB001B2E3E /* Step20_Queue_Dequeue.swift in Sources */,
				2A3545D729657D440055C81C /* Step8_Divisor_Multiple_PrimeNumber.swift in Sources */,
				2A3545D3296418E10055C81C /* Sorting.swift in Sources */,
				2A929E6A29864FE500BFC21D /* DoublyLinkedList.swift in Sources */,
				2A58961A283F5076000B127B /* main.swift in Sources */,
				2A3545DD296C06B20055C81C /* Step11.swift in Sources */,
				2A929E66298630BF00BFC21D /* Stack.swift in Sources */,
			);
			runOnlyForDeploymentPostprocessing = 0;
		};
/* End PBXSourcesBuildPhase section */

/* Begin XCBuildConfiguration section */
		2A58961B283F5076000B127B /* Debug */ = {
			isa = XCBuildConfiguration;
			buildSettings = {
				ALWAYS_SEARCH_USER_PATHS = NO;
				CLANG_ANALYZER_NONNULL = YES;
				CLANG_ANALYZER_NUMBER_OBJECT_CONVERSION = YES_AGGRESSIVE;
				CLANG_CXX_LANGUAGE_STANDARD = "gnu++17";
				CLANG_ENABLE_MODULES = YES;
				CLANG_ENABLE_OBJC_ARC = YES;
				CLANG_ENABLE_OBJC_WEAK = YES;
				CLANG_WARN_BLOCK_CAPTURE_AUTORELEASING = YES;
				CLANG_WARN_BOOL_CONVERSION = YES;
				CLANG_WARN_COMMA = YES;
				CLANG_WARN_CONSTANT_CONVERSION = YES;
				CLANG_WARN_DEPRECATED_OBJC_IMPLEMENTATIONS = YES;
				CLANG_WARN_DIRECT_OBJC_ISA_USAGE = YES_ERROR;
				CLANG_WARN_DOCUMENTATION_COMMENTS = YES;
				CLANG_WARN_EMPTY_BODY = YES;
				CLANG_WARN_ENUM_CONVERSION = YES;
				CLANG_WARN_INFINITE_RECURSION = YES;
				CLANG_WARN_INT_CONVERSION = YES;
				CLANG_WARN_NON_LITERAL_NULL_CONVERSION = YES;
				CLANG_WARN_OBJC_IMPLICIT_RETAIN_SELF = YES;
				CLANG_WARN_OBJC_LITERAL_CONVERSION = YES;
				CLANG_WARN_OBJC_ROOT_CLASS = YES_ERROR;
				CLANG_WARN_QUOTED_INCLUDE_IN_FRAMEWORK_HEADER = YES;
				CLANG_WARN_RANGE_LOOP_ANALYSIS = YES;
				CLANG_WARN_STRICT_PROTOTYPES = YES;
				CLANG_WARN_SUSPICIOUS_MOVE = YES;
				CLANG_WARN_UNGUARDED_AVAILABILITY = YES_AGGRESSIVE;
				CLANG_WARN_UNREACHABLE_CODE = YES;
				CLANG_WARN__DUPLICATE_METHOD_MATCH = YES;
				COPY_PHASE_STRIP = NO;
				DEAD_CODE_STRIPPING = YES;
				DEBUG_INFORMATION_FORMAT = dwarf;
				ENABLE_STRICT_OBJC_MSGSEND = YES;
				ENABLE_TESTABILITY = YES;
				GCC_C_LANGUAGE_STANDARD = gnu11;
				GCC_DYNAMIC_NO_PIC = NO;
				GCC_NO_COMMON_BLOCKS = YES;
				GCC_OPTIMIZATION_LEVEL = 0;
				GCC_PREPROCESSOR_DEFINITIONS = (
					"DEBUG=1",
					"$(inherited)",
				);
				GCC_WARN_64_TO_32_BIT_CONVERSION = YES;
				GCC_WARN_ABOUT_RETURN_TYPE = YES_ERROR;
				GCC_WARN_UNDECLARED_SELECTOR = YES;
				GCC_WARN_UNINITIALIZED_AUTOS = YES_AGGRESSIVE;
				GCC_WARN_UNUSED_FUNCTION = YES;
				GCC_WARN_UNUSED_VARIABLE = YES;
				MACOSX_DEPLOYMENT_TARGET = 12.3;
				MTL_ENABLE_DEBUG_INFO = INCLUDE_SOURCE;
				MTL_FAST_MATH = YES;
				ONLY_ACTIVE_ARCH = YES;
				SDKROOT = macosx;
				SWIFT_ACTIVE_COMPILATION_CONDITIONS = DEBUG;
				SWIFT_OPTIMIZATION_LEVEL = "-Onone";
			};
			name = Debug;
		};
		2A58961C283F5076000B127B /* Release */ = {
			isa = XCBuildConfiguration;
			buildSettings = {
				ALWAYS_SEARCH_USER_PATHS = NO;
				CLANG_ANALYZER_NONNULL = YES;
				CLANG_ANALYZER_NUMBER_OBJECT_CONVERSION = YES_AGGRESSIVE;
				CLANG_CXX_LANGUAGE_STANDARD = "gnu++17";
				CLANG_ENABLE_MODULES = YES;
				CLANG_ENABLE_OBJC_ARC = YES;
				CLANG_ENABLE_OBJC_WEAK = YES;
				CLANG_WARN_BLOCK_CAPTURE_AUTORELEASING = YES;
				CLANG_WARN_BOOL_CONVERSION = YES;
				CLANG_WARN_COMMA = YES;
				CLANG_WARN_CONSTANT_CONVERSION = YES;
				CLANG_WARN_DEPRECATED_OBJC_IMPLEMENTATIONS = YES;
				CLANG_WARN_DIRECT_OBJC_ISA_USAGE = YES_ERROR;
				CLANG_WARN_DOCUMENTATION_COMMENTS = YES;
				CLANG_WARN_EMPTY_BODY = YES;
				CLANG_WARN_ENUM_CONVERSION = YES;
				CLANG_WARN_INFINITE_RECURSION = YES;
				CLANG_WARN_INT_CONVERSION = YES;
				CLANG_WARN_NON_LITERAL_NULL_CONVERSION = YES;
				CLANG_WARN_OBJC_IMPLICIT_RETAIN_SELF = YES;
				CLANG_WARN_OBJC_LITERAL_CONVERSION = YES;
				CLANG_WARN_OBJC_ROOT_CLASS = YES_ERROR;
				CLANG_WARN_QUOTED_INCLUDE_IN_FRAMEWORK_HEADER = YES;
				CLANG_WARN_RANGE_LOOP_ANALYSIS = YES;
				CLANG_WARN_STRICT_PROTOTYPES = YES;
				CLANG_WARN_SUSPICIOUS_MOVE = YES;
				CLANG_WARN_UNGUARDED_AVAILABILITY = YES_AGGRESSIVE;
				CLANG_WARN_UNREACHABLE_CODE = YES;
				CLANG_WARN__DUPLICATE_METHOD_MATCH = YES;
				COPY_PHASE_STRIP = NO;
				DEAD_CODE_STRIPPING = YES;
				DEBUG_INFORMATION_FORMAT = "dwarf-with-dsym";
				ENABLE_NS_ASSERTIONS = NO;
				ENABLE_STRICT_OBJC_MSGSEND = YES;
				GCC_C_LANGUAGE_STANDARD = gnu11;
				GCC_NO_COMMON_BLOCKS = YES;
				GCC_WARN_64_TO_32_BIT_CONVERSION = YES;
				GCC_WARN_ABOUT_RETURN_TYPE = YES_ERROR;
				GCC_WARN_UNDECLARED_SELECTOR = YES;
				GCC_WARN_UNINITIALIZED_AUTOS = YES_AGGRESSIVE;
				GCC_WARN_UNUSED_FUNCTION = YES;
				GCC_WARN_UNUSED_VARIABLE = YES;
				MACOSX_DEPLOYMENT_TARGET = 12.3;
				MTL_ENABLE_DEBUG_INFO = NO;
				MTL_FAST_MATH = YES;
				SDKROOT = macosx;
				SWIFT_COMPILATION_MODE = wholemodule;
				SWIFT_OPTIMIZATION_LEVEL = "-O";
			};
			name = Release;
		};
		2A58961E283F5076000B127B /* Debug */ = {
			isa = XCBuildConfiguration;
			buildSettings = {
				CODE_SIGN_IDENTITY = "-";
				CODE_SIGN_STYLE = Automatic;
				DEAD_CODE_STRIPPING = YES;
				DEVELOPMENT_TEAM = 25YUTG4RN5;
				ENABLE_HARDENED_RUNTIME = YES;
				PRODUCT_NAME = "$(TARGET_NAME)";
				SWIFT_VERSION = 5.0;
			};
			name = Debug;
		};
		2A58961F283F5076000B127B /* Release */ = {
			isa = XCBuildConfiguration;
			buildSettings = {
				CODE_SIGN_IDENTITY = "-";
				CODE_SIGN_STYLE = Automatic;
				DEAD_CODE_STRIPPING = YES;
				DEVELOPMENT_TEAM = 25YUTG4RN5;
				ENABLE_HARDENED_RUNTIME = YES;
				PRODUCT_NAME = "$(TARGET_NAME)";
				SWIFT_VERSION = 5.0;
			};
			name = Release;
		};
/* End XCBuildConfiguration section */

/* Begin XCConfigurationList section */
		2A589611283F5075000B127B /* Build configuration list for PBXProject "AlgorithmStudy" */ = {
			isa = XCConfigurationList;
			buildConfigurations = (
				2A58961B283F5076000B127B /* Debug */,
				2A58961C283F5076000B127B /* Release */,
			);
			defaultConfigurationIsVisible = 0;
			defaultConfigurationName = Release;
		};
		2A58961D283F5076000B127B /* Build configuration list for PBXNativeTarget "AlgorithmStudy" */ = {
			isa = XCConfigurationList;
			buildConfigurations = (
				2A58961E283F5076000B127B /* Debug */,
				2A58961F283F5076000B127B /* Release */,
			);
			defaultConfigurationIsVisible = 0;
			defaultConfigurationName = Release;
		};
/* End XCConfigurationList section */
	};
	rootObject = 2A58960E283F5075000B127B /* Project object */;
}
